
Microsoft Visual Studio Solution File, Format Version 12.00
# Visual Studio Version 17
VisualStudioVersion = 17.0.31903.59
MinimumVisualStudioVersion = 10.0.40219.1
Project("{FAE04EC0-301F-11D3-BF4B-00C04F79EFBC}") = "BookTracker.Core", "BookTracker.Core\BookTracker.Core.csproj", "{20493381-29BC-4195-98BE-B901FBCBCC78}"
EndProject
Project("{FAE04EC0-301F-11D3-BF4B-00C04F79EFBC}") = "BookTracker.Data", "BookTracker.Data\BookTracker.Data.csproj", "{94C1069C-21C5-4D0F-8D5D-E2EA2F737B71}"
EndProject
Project("{FAE04EC0-301F-11D3-BF4B-00C04F79EFBC}") = "BookTracker.Api", "BookTracker.Api\BookTracker.Api.csproj", "{C3534B21-033A-4046-8604-B1BF554AFB6C}"
EndProject
Project("{FAE04EC0-301F-11D3-BF4B-00C04F79EFBC}") = "BookTracker.Tests", "BookTracker.Tests\BookTracker.Tests.csproj", "{575C0E8C-D1F8-4926-B21F-48F3F1160F55}"
EndProject
Project("{FAE04EC0-301F-11D3-BF4B-00C04F79EFBC}") = "BookTracker.VectorStore", "BookTracker.VectorStore\BookTracker.VectorStore.csproj", "{7D3E4EE1-30ED-4715-B36F-A12EDD7EB7C9}"
EndProject
Global
	GlobalSection(SolutionConfigurationPlatforms) = preSolution
		Debug|Any CPU = Debug|Any CPU
		Debug|x64 = Debug|x64
		Debug|x86 = Debug|x86
		Release|Any CPU = Release|Any CPU
		Release|x64 = Release|x64
		Release|x86 = Release|x86
	EndGlobalSection
	GlobalSection(ProjectConfigurationPlatforms) = postSolution
		{20493381-29BC-4195-98BE-B901FBCBCC78}.Debug|Any CPU.ActiveCfg = Debug|Any CPU
		{20493381-29BC-4195-98BE-B901FBCBCC78}.Debug|Any CPU.Build.0 = Debug|Any CPU
		{20493381-29BC-4195-98BE-B901FBCBCC78}.Debug|x64.ActiveCfg = Debug|Any CPU
		{20493381-29BC-4195-98BE-B901FBCBCC78}.Debug|x64.Build.0 = Debug|Any CPU
		{20493381-29BC-4195-98BE-B901FBCBCC78}.Debug|x86.ActiveCfg = Debug|Any CPU
		{20493381-29BC-4195-98BE-B901FBCBCC78}.Debug|x86.Build.0 = Debug|Any CPU
		{20493381-29BC-4195-98BE-B901FBCBCC78}.Release|Any CPU.ActiveCfg = Release|Any CPU
		{20493381-29BC-4195-98BE-B901FBCBCC78}.Release|Any CPU.Build.0 = Release|Any CPU
		{20493381-29BC-4195-98BE-B901FBCBCC78}.Release|x64.ActiveCfg = Release|Any CPU
		{20493381-29BC-4195-98BE-B901FBCBCC78}.Release|x64.Build.0 = Release|Any CPU
		{20493381-29BC-4195-98BE-B901FBCBCC78}.Release|x86.ActiveCfg = Release|Any CPU
		{20493381-29BC-4195-98BE-B901FBCBCC78}.Release|x86.Build.0 = Release|Any CPU
		{94C1069C-21C5-4D0F-8D5D-E2EA2F737B71}.Debug|Any CPU.ActiveCfg = Debug|Any CPU
		{94C1069C-21C5-4D0F-8D5D-E2EA2F737B71}.Debug|Any CPU.Build.0 = Debug|Any CPU
		{94C1069C-21C5-4D0F-8D5D-E2EA2F737B71}.Debug|x64.ActiveCfg = Debug|Any CPU
		{94C1069C-21C5-4D0F-8D5D-E2EA2F737B71}.Debug|x64.Build.0 = Debug|Any CPU
		{94C1069C-21C5-4D0F-8D5D-E2EA2F737B71}.Debug|x86.ActiveCfg = Debug|Any CPU
		{94C1069C-21C5-4D0F-8D5D-E2EA2F737B71}.Debug|x86.Build.0 = Debug|Any CPU
		{94C1069C-21C5-4D0F-8D5D-E2EA2F737B71}.Release|Any CPU.ActiveCfg = Release|Any CPU
		{94C1069C-21C5-4D0F-8D5D-E2EA2F737B71}.Release|Any CPU.Build.0 = Release|Any CPU
		{94C1069C-21C5-4D0F-8D5D-E2EA2F737B71}.Release|x64.ActiveCfg = Release|Any CPU
		{94C1069C-21C5-4D0F-8D5D-E2EA2F737B71}.Release|x64.Build.0 = Release|Any CPU
		{94C1069C-21C5-4D0F-8D5D-E2EA2F737B71}.Release|x86.ActiveCfg = Release|Any CPU
		{94C1069C-21C5-4D0F-8D5D-E2EA2F737B71}.Release|x86.Build.0 = Release|Any CPU
		{C3534B21-033A-4046-8604-B1BF554AFB6C}.Debug|Any CPU.ActiveCfg = Debug|Any CPU
		{C3534B21-033A-4046-8604-B1BF554AFB6C}.Debug|Any CPU.Build.0 = Debug|Any CPU
		{C3534B21-033A-4046-8604-B1BF554AFB6C}.Debug|x64.ActiveCfg = Debug|Any CPU
		{C3534B21-033A-4046-8604-B1BF554AFB6C}.Debug|x64.Build.0 = Debug|Any CPU
		{C3534B21-033A-4046-8604-B1BF554AFB6C}.Debug|x86.ActiveCfg = Debug|Any CPU
		{C3534B21-033A-4046-8604-B1BF554AFB6C}.Debug|x86.Build.0 = Debug|Any CPU
		{C3534B21-033A-4046-8604-B1BF554AFB6C}.Release|Any CPU.ActiveCfg = Release|Any CPU
		{C3534B21-033A-4046-8604-B1BF554AFB6C}.Release|Any CPU.Build.0 = Release|Any CPU
		{C3534B21-033A-4046-8604-B1BF554AFB6C}.Release|x64.ActiveCfg = Release|Any CPU
		{C3534B21-033A-4046-8604-B1BF554AFB6C}.Release|x64.Build.0 = Release|Any CPU
		{C3534B21-033A-4046-8604-B1BF554AFB6C}.Release|x86.ActiveCfg = Release|Any CPU
		{C3534B21-033A-4046-8604-B1BF554AFB6C}.Release|x86.Build.0 = Release|Any CPU
		{575C0E8C-D1F8-4926-B21F-48F3F1160F55}.Debug|Any CPU.ActiveCfg = Debug|Any CPU
		{575C0E8C-D1F8-4926-B21F-48F3F1160F55}.Debug|Any CPU.Build.0 = Debug|Any CPU
		{575C0E8C-D1F8-4926-B21F-48F3F1160F55}.Debug|x64.ActiveCfg = Debug|Any CPU
		{575C0E8C-D1F8-4926-B21F-48F3F1160F55}.Debug|x64.Build.0 = Debug|Any CPU
		{575C0E8C-D1F8-4926-B21F-48F3F1160F55}.Debug|x86.ActiveCfg = Debug|Any CPU
		{575C0E8C-D1F8-4926-B21F-48F3F1160F55}.Debug|x86.Build.0 = Debug|Any CPU
		{575C0E8C-D1F8-4926-B21F-48F3F1160F55}.Release|Any CPU.ActiveCfg = Release|Any CPU
		{575C0E8C-D1F8-4926-B21F-48F3F1160F55}.Release|Any CPU.Build.0 = Release|Any CPU
		{575C0E8C-D1F8-4926-B21F-48F3F1160F55}.Release|x64.ActiveCfg = Release|Any CPU
		{575C0E8C-D1F8-4926-B21F-48F3F1160F55}.Release|x64.Build.0 = Release|Any CPU
		{575C0E8C-D1F8-4926-B21F-48F3F1160F55}.Release|x86.ActiveCfg = Release|Any CPU
		{575C0E8C-D1F8-4926-B21F-48F3F1160F55}.Release|x86.Build.0 = Release|Any CPU
		{7D3E4EE1-30ED-4715-B36F-A12EDD7EB7C9}.Debug|Any CPU.ActiveCfg = Debug|Any CPU
		{7D3E4EE1-30ED-4715-B36F-A12EDD7EB7C9}.Debug|Any CPU.Build.0 = Debug|Any CPU
		{7D3E4EE1-30ED-4715-B36F-A12EDD7EB7C9}.Debug|x64.ActiveCfg = Debug|Any CPU
		{7D3E4EE1-30ED-4715-B36F-A12EDD7EB7C9}.Debug|x64.Build.0 = Debug|Any CPU
		{7D3E4EE1-30ED-4715-B36F-A12EDD7EB7C9}.Debug|x86.ActiveCfg = Debug|Any CPU
		{7D3E4EE1-30ED-4715-B36F-A12EDD7EB7C9}.Debug|x86.Build.0 = Debug|Any CPU
		{7D3E4EE1-30ED-4715-B36F-A12EDD7EB7C9}.Release|Any CPU.ActiveCfg = Release|Any CPU
		{7D3E4EE1-30ED-4715-B36F-A12EDD7EB7C9}.Release|Any CPU.Build.0 = Release|Any CPU
		{7D3E4EE1-30ED-4715-B36F-A12EDD7EB7C9}.Release|x64.ActiveCfg = Release|Any CPU
		{7D3E4EE1-30ED-4715-B36F-A12EDD7EB7C9}.Release|x64.Build.0 = Release|Any CPU
		{7D3E4EE1-30ED-4715-B36F-A12EDD7EB7C9}.Release|x86.ActiveCfg = Release|Any CPU
		{7D3E4EE1-30ED-4715-B36F-A12EDD7EB7C9}.Release|x86.Build.0 = Release|Any CPU
	EndGlobalSection
	GlobalSection(SolutionProperties) = preSolution
		HideSolutionNode = FALSE
	EndGlobalSection
EndGlobal
