
Microsoft Visual Studio Solution File, Format Version 12.00
Project("{FAE04EC0-301F-11D3-BF4B-00C04F79EFBC}") = "Demo1.FirstApiCall", "Demo1.FirstApiCall\Demo1.FirstApiCall.csproj", "{F49DBD43-4770-4999-8619-9F1656C1E9DD}"
EndProject
Global
	GlobalSection(SolutionConfigurationPlatforms) = preSolution
		Debug|Any CPU = Debug|Any CPU
		Release|Any CPU = Release|Any CPU
	EndGlobalSection
	GlobalSection(ProjectConfigurationPlatforms) = postSolution
		{F49DBD43-4770-4999-8619-9F1656C1E9DD}.Debug|Any CPU.ActiveCfg = Debug|Any CPU
		{F49DBD43-4770-4999-8619-9F1656C1E9DD}.Debug|Any CPU.Build.0 = Debug|Any CPU
		{F49DBD43-4770-4999-8619-9F1656C1E9DD}.Release|Any CPU.ActiveCfg = Release|Any CPU
		{F49DBD43-4770-4999-8619-9F1656C1E9DD}.Release|Any CPU.Build.0 = Release|Any CPU
	EndGlobalSection
EndGlobal
